
Microsoft Visual Studio Solution File, Format Version 12.00
# Visual Studio Version 17
VisualStudioVersion = 17.14.36717.8 d17.14
MinimumVisualStudioVersion = 10.0.40219.1
Project("{FAE04EC0-301F-11D3-BF4B-00C04F79EFBC}") = "ApiWebInscripcion", "ApiWebInscripcion\ApiWebInscripcion.csproj", "{6473EB0A-D034-4874-A86F-B68B47037617}"
EndProject
Global
	GlobalSection(SolutionConfigurationPlatforms) = preSolution
		Debug|Any CPU = Debug|Any CPU
		Release|Any CPU = Release|Any CPU
	EndGlobalSection
	GlobalSection(ProjectConfigurationPlatforms) = postSolution
		{6473EB0A-D034-4874-A86F-B68B47037617}.Debug|Any CPU.ActiveCfg = Debug|Any CPU
		{6473EB0A-D034-4874-A86F-B68B47037617}.Debug|Any CPU.Build.0 = Debug|Any CPU
		{6473EB0A-D034-4874-A86F-B68B47037617}.Release|Any CPU.ActiveCfg = Release|Any CPU
		{6473EB0A-D034-4874-A86F-B68B47037617}.Release|Any CPU.Build.0 = Release|Any CPU
	EndGlobalSection
	GlobalSection(SolutionProperties) = preSolution
		HideSolutionNode = FALSE
	EndGlobalSection
	GlobalSection(ExtensibilityGlobals) = postSolution
		SolutionGuid = {D8759A77-059F-4C15-AE54-7C2A1A21E4A6}
	EndGlobalSection
EndGlobal
